
Microsoft Visual Studio Solution File, Format Version 12.00
# Visual Studio Version 17
VisualStudioVersion = 17.13.35931.197
MinimumVisualStudioVersion = 10.0.40219.1
Project("{FAE04EC0-301F-11D3-BF4B-00C04F79EFBC}") = "Demo", "Demo\Demo.csproj", "{257DF7E9-A5BA-4C13-BB59-E236C0862B26}"
EndProject
Project("{FAE04EC0-301F-11D3-BF4B-00C04F79EFBC}") = "MongoExt.Generator", "MongoExt.Generator\MongoExt.Generator.csproj", "{5095272C-E59B-41D7-AC51-1AD727E5529B}"
EndProject
Project("{FAE04EC0-301F-11D3-BF4B-00C04F79EFBC}") = "MongoExt", "MongoExt\MongoExt.csproj", "{2A932EB3-D88D-4CA4-9247-B53452AEF0DA}"
EndProject
Global
	GlobalSection(SolutionConfigurationPlatforms) = preSolution
		Debug|Any CPU = Debug|Any CPU
		Release|Any CPU = Release|Any CPU
	EndGlobalSection
	GlobalSection(ProjectConfigurationPlatforms) = postSolution
		{5095272C-E59B-41D7-AC51-1AD727E5529B}.Debug|Any CPU.ActiveCfg = Debug|Any CPU
		{5095272C-E59B-41D7-AC51-1AD727E5529B}.Debug|Any CPU.Build.0 = Debug|Any CPU
		{5095272C-E59B-41D7-AC51-1AD727E5529B}.Release|Any CPU.ActiveCfg = Release|Any CPU
		{5095272C-E59B-41D7-AC51-1AD727E5529B}.Release|Any CPU.Build.0 = Release|Any CPU
		{257DF7E9-A5BA-4C13-BB59-E236C0862B26}.Debug|Any CPU.ActiveCfg = Debug|Any CPU
		{257DF7E9-A5BA-4C13-BB59-E236C0862B26}.Debug|Any CPU.Build.0 = Debug|Any CPU
		{257DF7E9-A5BA-4C13-BB59-E236C0862B26}.Release|Any CPU.ActiveCfg = Release|Any CPU
		{257DF7E9-A5BA-4C13-BB59-E236C0862B26}.Release|Any CPU.Build.0 = Release|Any CPU
		{2A932EB3-D88D-4CA4-9247-B53452AEF0DA}.Debug|Any CPU.ActiveCfg = Debug|Any CPU
		{2A932EB3-D88D-4CA4-9247-B53452AEF0DA}.Debug|Any CPU.Build.0 = Debug|Any CPU
		{2A932EB3-D88D-4CA4-9247-B53452AEF0DA}.Release|Any CPU.ActiveCfg = Release|Any CPU
		{2A932EB3-D88D-4CA4-9247-B53452AEF0DA}.Release|Any CPU.Build.0 = Release|Any CPU
	EndGlobalSection
	GlobalSection(SolutionProperties) = preSolution
		HideSolutionNode = FALSE
	EndGlobalSection
	GlobalSection(ExtensibilityGlobals) = postSolution
		SolutionGuid = {7C5E0542-7F2F-407D-A260-4953ED2675B3}
	EndGlobalSection
EndGlobal
